// !$*UTF8*$!
{
	archiveVersion = 1;
	classes = {
	};
	objectVersion = 55;
	objects = {

/* Begin PBXBuildFile section */
		F9408B732877701800147FAB /* FileManager+Extension.swift in Sources */ = {isa = PBXBuildFile; fileRef = F9408B722877701800147FAB /* FileManager+Extension.swift */; };
		F9408B76287770E800147FAB /* SwitchingViewStateContentView.swift in Sources */ = {isa = PBXBuildFile; fileRef = F9408B75287770E800147FAB /* SwitchingViewStateContentView.swift */; };
		F95D5ECD28756AEB001D9560 /* Bucket_ListApp.swift in Sources */ = {isa = PBXBuildFile; fileRef = F95D5ECC28756AEB001D9560 /* Bucket_ListApp.swift */; };
		F95D5ECF28756AEB001D9560 /* UserContentView.swift in Sources */ = {isa = PBXBuildFile; fileRef = F95D5ECE28756AEB001D9560 /* UserContentView.swift */; };
		F95D5ED128756AEC001D9560 /* Assets.xcassets in Resources */ = {isa = PBXBuildFile; fileRef = F95D5ED028756AEC001D9560 /* Assets.xcassets */; };
		F95D5ED428756AEC001D9560 /* Preview Assets.xcassets in Resources */ = {isa = PBXBuildFile; fileRef = F95D5ED328756AEC001D9560 /* Preview Assets.xcassets */; };
		F95D5EDE28756AEC001D9560 /* Bucket_ListTests.swift in Sources */ = {isa = PBXBuildFile; fileRef = F95D5EDD28756AEC001D9560 /* Bucket_ListTests.swift */; };
		F95D5EE828756AEC001D9560 /* Bucket_ListUITests.swift in Sources */ = {isa = PBXBuildFile; fileRef = F95D5EE728756AEC001D9560 /* Bucket_ListUITests.swift */; };
		F95D5EEA28756AEC001D9560 /* Bucket_ListUITestsLaunchTests.swift in Sources */ = {isa = PBXBuildFile; fileRef = F95D5EE928756AEC001D9560 /* Bucket_ListUITestsLaunchTests.swift */; };
		F95D5EF928756B39001D9560 /* User.swift in Sources */ = {isa = PBXBuildFile; fileRef = F95D5EF828756B39001D9560 /* User.swift */; };
		F95D5EFB28757008001D9560 /* ContentView.swift in Sources */ = {isa = PBXBuildFile; fileRef = F95D5EFA28757008001D9560 /* ContentView.swift */; };
		F95D5EFE28757039001D9560 /* DocumentsContentView.swift in Sources */ = {isa = PBXBuildFile; fileRef = F95D5EFD28757039001D9560 /* DocumentsContentView.swift */; };
		F9DCC045287EC3560091F1BE /* MapKitLearning.swift in Sources */ = {isa = PBXBuildFile; fileRef = F9DCC044287EC3560091F1BE /* MapKitLearning.swift */; };
		F9DCC047287EC4F00091F1BE /* Location.swift in Sources */ = {isa = PBXBuildFile; fileRef = F9DCC046287EC4F00091F1BE /* Location.swift */; };
/* End PBXBuildFile section */

/* Begin PBXContainerItemProxy section */
		F95D5EDA28756AEC001D9560 /* PBXContainerItemProxy */ = {
			isa = PBXContainerItemProxy;
			containerPortal = F95D5EC128756AEB001D9560 /* Project object */;
			proxyType = 1;
			remoteGlobalIDString = F95D5EC828756AEB001D9560;
			remoteInfo = "Bucket List";
		};
		F95D5EE428756AEC001D9560 /* PBXContainerItemProxy */ = {
			isa = PBXContainerItemProxy;
			containerPortal = F95D5EC128756AEB001D9560 /* Project object */;
			proxyType = 1;
			remoteGlobalIDString = F95D5EC828756AEB001D9560;
			remoteInfo = "Bucket List";
		};
/* End PBXContainerItemProxy section */

/* Begin PBXFileReference section */
		F9408B722877701800147FAB /* FileManager+Extension.swift */ = {isa = PBXFileReference; lastKnownFileType = sourcecode.swift; path = "FileManager+Extension.swift"; sourceTree = "<group>"; };
		F9408B75287770E800147FAB /* SwitchingViewStateContentView.swift */ = {isa = PBXFileReference; lastKnownFileType = sourcecode.swift; path = SwitchingViewStateContentView.swift; sourceTree = "<group>"; };
		F95D5EC928756AEB001D9560 /* Bucket List.app */ = {isa = PBXFileReference; explicitFileType = wrapper.application; includeInIndex = 0; path = "Bucket List.app"; sourceTree = BUILT_PRODUCTS_DIR; };
		F95D5ECC28756AEB001D9560 /* Bucket_ListApp.swift */ = {isa = PBXFileReference; lastKnownFileType = sourcecode.swift; path = Bucket_ListApp.swift; sourceTree = "<group>"; };
		F95D5ECE28756AEB001D9560 /* UserContentView.swift */ = {isa = PBXFileReference; lastKnownFileType = sourcecode.swift; path = UserContentView.swift; sourceTree = "<group>"; };
		F95D5ED028756AEC001D9560 /* Assets.xcassets */ = {isa = PBXFileReference; lastKnownFileType = folder.assetcatalog; path = Assets.xcassets; sourceTree = "<group>"; };
		F95D5ED328756AEC001D9560 /* Preview Assets.xcassets */ = {isa = PBXFileReference; lastKnownFileType = folder.assetcatalog; path = "Preview Assets.xcassets"; sourceTree = "<group>"; };
		F95D5ED928756AEC001D9560 /* Bucket ListTests.xctest */ = {isa = PBXFileReference; explicitFileType = wrapper.cfbundle; includeInIndex = 0; path = "Bucket ListTests.xctest"; sourceTree = BUILT_PRODUCTS_DIR; };
		F95D5EDD28756AEC001D9560 /* Bucket_ListTests.swift */ = {isa = PBXFileReference; lastKnownFileType = sourcecode.swift; path = Bucket_ListTests.swift; sourceTree = "<group>"; };
		F95D5EE328756AEC001D9560 /* Bucket ListUITests.xctest */ = {isa = PBXFileReference; explicitFileType = wrapper.cfbundle; includeInIndex = 0; path = "Bucket ListUITests.xctest"; sourceTree = BUILT_PRODUCTS_DIR; };
		F95D5EE728756AEC001D9560 /* Bucket_ListUITests.swift */ = {isa = PBXFileReference; lastKnownFileType = sourcecode.swift; path = Bucket_ListUITests.swift; sourceTree = "<group>"; };
		F95D5EE928756AEC001D9560 /* Bucket_ListUITestsLaunchTests.swift */ = {isa = PBXFileReference; lastKnownFileType = sourcecode.swift; path = Bucket_ListUITestsLaunchTests.swift; sourceTree = "<group>"; };
		F95D5EF828756B39001D9560 /* User.swift */ = {isa = PBXFileReference; lastKnownFileType = sourcecode.swift; path = User.swift; sourceTree = "<group>"; };
		F95D5EFA28757008001D9560 /* ContentView.swift */ = {isa = PBXFileReference; lastKnownFileType = sourcecode.swift; path = ContentView.swift; sourceTree = "<group>"; };
		F95D5EFD28757039001D9560 /* DocumentsContentView.swift */ = {isa = PBXFileReference; lastKnownFileType = sourcecode.swift; path = DocumentsContentView.swift; sourceTree = "<group>"; };
		F9DCC044287EC3560091F1BE /* MapKitLearning.swift */ = {isa = PBXFileReference; lastKnownFileType = sourcecode.swift; path = MapKitLearning.swift; sourceTree = "<group>"; };
		F9DCC046287EC4F00091F1BE /* Location.swift */ = {isa = PBXFileReference; lastKnownFileType = sourcecode.swift; path = Location.swift; sourceTree = "<group>"; };
/* End PBXFileReference section */

/* Begin PBXFrameworksBuildPhase section */
		F95D5EC628756AEB001D9560 /* Frameworks */ = {
			isa = PBXFrameworksBuildPhase;
			buildActionMask = 2147483647;
			files = (
			);
			runOnlyForDeploymentPostprocessing = 0;
		};
		F95D5ED628756AEC001D9560 /* Frameworks */ = {
			isa = PBXFrameworksBuildPhase;
			buildActionMask = 2147483647;
			files = (
			);
			runOnlyForDeploymentPostprocessing = 0;
		};
		F95D5EE028756AEC001D9560 /* Frameworks */ = {
			isa = PBXFrameworksBuildPhase;
			buildActionMask = 2147483647;
			files = (
			);
			runOnlyForDeploymentPostprocessing = 0;
		};
/* End PBXFrameworksBuildPhase section */

/* Begin PBXGroup section */
		F9408B74287770DB00147FAB /* SwitchingViewState */ = {
			isa = PBXGroup;
			children = (
				F9408B75287770E800147FAB /* SwitchingViewStateContentView.swift */,
			);
			path = SwitchingViewState;
			sourceTree = "<group>";
		};
		F95D5EC028756AEB001D9560 = {
			isa = PBXGroup;
			children = (
				F95D5ECB28756AEB001D9560 /* Bucket List */,
				F95D5EDC28756AEC001D9560 /* Bucket ListTests */,
				F95D5EE628756AEC001D9560 /* Bucket ListUITests */,
				F95D5ECA28756AEB001D9560 /* Products */,
			);
			sourceTree = "<group>";
		};
		F95D5ECA28756AEB001D9560 /* Products */ = {
			isa = PBXGroup;
			children = (
				F95D5EC928756AEB001D9560 /* Bucket List.app */,
				F95D5ED928756AEC001D9560 /* Bucket ListTests.xctest */,
				F95D5EE328756AEC001D9560 /* Bucket ListUITests.xctest */,
			);
			name = Products;
			sourceTree = "<group>";
		};
		F95D5ECB28756AEB001D9560 /* Bucket List */ = {
			isa = PBXGroup;
			children = (
				F95D5EF728756B2D001D9560 /* Learning */,
				F95D5ECC28756AEB001D9560 /* Bucket_ListApp.swift */,
				F95D5EFA28757008001D9560 /* ContentView.swift */,
				F95D5ED028756AEC001D9560 /* Assets.xcassets */,
				F95D5ED228756AEC001D9560 /* Preview Content */,
				F9408B722877701800147FAB /* FileManager+Extension.swift */,
			);
			path = "Bucket List";
			sourceTree = "<group>";
		};
		F95D5ED228756AEC001D9560 /* Preview Content */ = {
			isa = PBXGroup;
			children = (
				F95D5ED328756AEC001D9560 /* Preview Assets.xcassets */,
			);
			path = "Preview Content";
			sourceTree = "<group>";
		};
		F95D5EDC28756AEC001D9560 /* Bucket ListTests */ = {
			isa = PBXGroup;
			children = (
				F95D5EDD28756AEC001D9560 /* Bucket_ListTests.swift */,
			);
			path = "Bucket ListTests";
			sourceTree = "<group>";
		};
		F95D5EE628756AEC001D9560 /* Bucket ListUITests */ = {
			isa = PBXGroup;
			children = (
				F95D5EE728756AEC001D9560 /* Bucket_ListUITests.swift */,
				F95D5EE928756AEC001D9560 /* Bucket_ListUITestsLaunchTests.swift */,
			);
			path = "Bucket ListUITests";
			sourceTree = "<group>";
		};
		F95D5EF628756B25001D9560 /* Comparable */ = {
			isa = PBXGroup;
			children = (
				F95D5EF828756B39001D9560 /* User.swift */,
				F95D5ECE28756AEB001D9560 /* UserContentView.swift */,
			);
			path = Comparable;
			sourceTree = "<group>";
		};
		F95D5EF728756B2D001D9560 /* Learning */ = {
			isa = PBXGroup;
			children = (
				F9DCC043287EC3470091F1BE /* MapKit */,
				F9408B74287770DB00147FAB /* SwitchingViewState */,
				F95D5EFC2875702A001D9560 /* Documents */,
				F95D5EF628756B25001D9560 /* Comparable */,
			);
			path = Learning;
			sourceTree = "<group>";
		};
		F95D5EFC2875702A001D9560 /* Documents */ = {
			isa = PBXGroup;
			children = (
				F95D5EFD28757039001D9560 /* DocumentsContentView.swift */,
			);
			path = Documents;
			sourceTree = "<group>";
		};
		F9DCC043287EC3470091F1BE /* MapKit */ = {
			isa = PBXGroup;
			children = (
				F9DCC044287EC3560091F1BE /* MapKitLearning.swift */,
				F9DCC046287EC4F00091F1BE /* Location.swift */,
			);
			path = MapKit;
			sourceTree = "<group>";
		};
/* End PBXGroup section */

/* Begin PBXNativeTarget section */
		F95D5EC828756AEB001D9560 /* Bucket List */ = {
			isa = PBXNativeTarget;
			buildConfigurationList = F95D5EED28756AEC001D9560 /* Build configuration list for PBXNativeTarget "Bucket List" */;
			buildPhases = (
				F95D5EC528756AEB001D9560 /* Sources */,
				F95D5EC628756AEB001D9560 /* Frameworks */,
				F95D5EC728756AEB001D9560 /* Resources */,
			);
			buildRules = (
			);
			dependencies = (
			);
			name = "Bucket List";
			productName = "Bucket List";
			productReference = F95D5EC928756AEB001D9560 /* Bucket List.app */;
			productType = "com.apple.product-type.application";
		};
		F95D5ED828756AEC001D9560 /* Bucket ListTests */ = {
			isa = PBXNativeTarget;
			buildConfigurationList = F95D5EF028756AEC001D9560 /* Build configuration list for PBXNativeTarget "Bucket ListTests" */;
			buildPhases = (
				F95D5ED528756AEC001D9560 /* Sources */,
				F95D5ED628756AEC001D9560 /* Frameworks */,
				F95D5ED728756AEC001D9560 /* Resources */,
			);
			buildRules = (
			);
			dependencies = (
				F95D5EDB28756AEC001D9560 /* PBXTargetDependency */,
			);
			name = "Bucket ListTests";
			productName = "Bucket ListTests";
			productReference = F95D5ED928756AEC001D9560 /* Bucket ListTests.xctest */;
			productType = "com.apple.product-type.bundle.unit-test";
		};
		F95D5EE228756AEC001D9560 /* Bucket ListUITests */ = {
			isa = PBXNativeTarget;
			buildConfigurationList = F95D5EF328756AEC001D9560 /* Build configuration list for PBXNativeTarget "Bucket ListUITests" */;
			buildPhases = (
				F95D5EDF28756AEC001D9560 /* Sources */,
				F95D5EE028756AEC001D9560 /* Frameworks */,
				F95D5EE128756AEC001D9560 /* Resources */,
			);
			buildRules = (
			);
			dependencies = (
				F95D5EE528756AEC001D9560 /* PBXTargetDependency */,
			);
			name = "Bucket ListUITests";
			productName = "Bucket ListUITests";
			productReference = F95D5EE328756AEC001D9560 /* Bucket ListUITests.xctest */;
			productType = "com.apple.product-type.bundle.ui-testing";
		};
/* End PBXNativeTarget section */

/* Begin PBXProject section */
		F95D5EC128756AEB001D9560 /* Project object */ = {
			isa = PBXProject;
			attributes = {
				BuildIndependentTargetsInParallel = 1;
				LastSwiftUpdateCheck = 1340;
				LastUpgradeCheck = 1340;
				TargetAttributes = {
					F95D5EC828756AEB001D9560 = {
						CreatedOnToolsVersion = 13.4.1;
					};
					F95D5ED828756AEC001D9560 = {
						CreatedOnToolsVersion = 13.4.1;
						TestTargetID = F95D5EC828756AEB001D9560;
					};
					F95D5EE228756AEC001D9560 = {
						CreatedOnToolsVersion = 13.4.1;
						TestTargetID = F95D5EC828756AEB001D9560;
					};
				};
			};
			buildConfigurationList = F95D5EC428756AEB001D9560 /* Build configuration list for PBXProject "Bucket List" */;
			compatibilityVersion = "Xcode 13.0";
			developmentRegion = en;
			hasScannedForEncodings = 0;
			knownRegions = (
				en,
				Base,
			);
			mainGroup = F95D5EC028756AEB001D9560;
			productRefGroup = F95D5ECA28756AEB001D9560 /* Products */;
			projectDirPath = "";
			projectRoot = "";
			targets = (
				F95D5EC828756AEB001D9560 /* Bucket List */,
				F95D5ED828756AEC001D9560 /* Bucket ListTests */,
				F95D5EE228756AEC001D9560 /* Bucket ListUITests */,
			);
		};
/* End PBXProject section */

/* Begin PBXResourcesBuildPhase section */
		F95D5EC728756AEB001D9560 /* Resources */ = {
			isa = PBXResourcesBuildPhase;
			buildActionMask = 2147483647;
			files = (
				F95D5ED428756AEC001D9560 /* Preview Assets.xcassets in Resources */,
				F95D5ED128756AEC001D9560 /* Assets.xcassets in Resources */,
			);
			runOnlyForDeploymentPostprocessing = 0;
		};
		F95D5ED728756AEC001D9560 /* Resources */ = {
			isa = PBXResourcesBuildPhase;
			buildActionMask = 2147483647;
			files = (
			);
			runOnlyForDeploymentPostprocessing = 0;
		};
		F95D5EE128756AEC001D9560 /* Resources */ = {
			isa = PBXResourcesBuildPhase;
			buildActionMask = 2147483647;
			files = (
			);
			runOnlyForDeploymentPostprocessing = 0;
		};
/* End PBXResourcesBuildPhase section */

/* Begin PBXSourcesBuildPhase section */
		F95D5EC528756AEB001D9560 /* Sources */ = {
			isa = PBXSourcesBuildPhase;
			buildActionMask = 2147483647;
			files = (
				F95D5ECF28756AEB001D9560 /* UserContentView.swift in Sources */,
				F95D5ECD28756AEB001D9560 /* Bucket_ListApp.swift in Sources */,
				F95D5EFB28757008001D9560 /* ContentView.swift in Sources */,
				F9408B76287770E800147FAB /* SwitchingViewStateContentView.swift in Sources */,
				F9DCC047287EC4F00091F1BE /* Location.swift in Sources */,
				F95D5EF928756B39001D9560 /* User.swift in Sources */,
				F9DCC045287EC3560091F1BE /* MapKitLearning.swift in Sources */,
				F95D5EFE28757039001D9560 /* DocumentsContentView.swift in Sources */,
				F9408B732877701800147FAB /* FileManager+Extension.swift in Sources */,
			);
			runOnlyForDeploymentPostprocessing = 0;
		};
		F95D5ED528756AEC001D9560 /* Sources */ = {
			isa = PBXSourcesBuildPhase;
			buildActionMask = 2147483647;
			files = (
				F95D5EDE28756AEC001D9560 /* Bucket_ListTests.swift in Sources */,
			);
			runOnlyForDeploymentPostprocessing = 0;
		};
		F95D5EDF28756AEC001D9560 /* Sources */ = {
			isa = PBXSourcesBuildPhase;
			buildActionMask = 2147483647;
			files = (
				F95D5EEA28756AEC001D9560 /* Bucket_ListUITestsLaunchTests.swift in Sources */,
				F95D5EE828756AEC001D9560 /* Bucket_ListUITests.swift in Sources */,
			);
			runOnlyForDeploymentPostprocessing = 0;
		};
/* End PBXSourcesBuildPhase section */

/* Begin PBXTargetDependency section */
		F95D5EDB28756AEC001D9560 /* PBXTargetDependency */ = {
			isa = PBXTargetDependency;
			target = F95D5EC828756AEB001D9560 /* Bucket List */;
			targetProxy = F95D5EDA28756AEC001D9560 /* PBXContainerItemProxy */;
		};
		F95D5EE528756AEC001D9560 /* PBXTargetDependency */ = {
			isa = PBXTargetDependency;
			target = F95D5EC828756AEB001D9560 /* Bucket List */;
			targetProxy = F95D5EE428756AEC001D9560 /* PBXContainerItemProxy */;
		};
/* End PBXTargetDependency section */

/* Begin XCBuildConfiguration section */
		F95D5EEB28756AEC001D9560 /* Debug */ = {
			isa = XCBuildConfiguration;
			buildSettings = {
				ALWAYS_SEARCH_USER_PATHS = NO;
				CLANG_ANALYZER_NONNULL = YES;
				CLANG_ANALYZER_NUMBER_OBJECT_CONVERSION = YES_AGGRESSIVE;
				CLANG_CXX_LANGUAGE_STANDARD = "gnu++17";
				CLANG_ENABLE_MODULES = YES;
				CLANG_ENABLE_OBJC_ARC = YES;
				CLANG_ENABLE_OBJC_WEAK = YES;
				CLANG_WARN_BLOCK_CAPTURE_AUTORELEASING = YES;
				CLANG_WARN_BOOL_CONVERSION = YES;
				CLANG_WARN_COMMA = YES;
				CLANG_WARN_CONSTANT_CONVERSION = YES;
				CLANG_WARN_DEPRECATED_OBJC_IMPLEMENTATIONS = YES;
				CLANG_WARN_DIRECT_OBJC_ISA_USAGE = YES_ERROR;
				CLANG_WARN_DOCUMENTATION_COMMENTS = YES;
				CLANG_WARN_EMPTY_BODY = YES;
				CLANG_WARN_ENUM_CONVERSION = YES;
				CLANG_WARN_INFINITE_RECURSION = YES;
				CLANG_WARN_INT_CONVERSION = YES;
				CLANG_WARN_NON_LITERAL_NULL_CONVERSION = YES;
				CLANG_WARN_OBJC_IMPLICIT_RETAIN_SELF = YES;
				CLANG_WARN_OBJC_LITERAL_CONVERSION = YES;
				CLANG_WARN_OBJC_ROOT_CLASS = YES_ERROR;
				CLANG_WARN_QUOTED_INCLUDE_IN_FRAMEWORK_HEADER = YES;
				CLANG_WARN_RANGE_LOOP_ANALYSIS = YES;
				CLANG_WARN_STRICT_PROTOTYPES = YES;
				CLANG_WARN_SUSPICIOUS_MOVE = YES;
				CLANG_WARN_UNGUARDED_AVAILABILITY = YES_AGGRESSIVE;
				CLANG_WARN_UNREACHABLE_CODE = YES;
				CLANG_WARN__DUPLICATE_METHOD_MATCH = YES;
				COPY_PHASE_STRIP = NO;
				DEBUG_INFORMATION_FORMAT = dwarf;
				ENABLE_STRICT_OBJC_MSGSEND = YES;
				ENABLE_TESTABILITY = YES;
				GCC_C_LANGUAGE_STANDARD = gnu11;
				GCC_DYNAMIC_NO_PIC = NO;
				GCC_NO_COMMON_BLOCKS = YES;
				GCC_OPTIMIZATION_LEVEL = 0;
				GCC_PREPROCESSOR_DEFINITIONS = (
					"DEBUG=1",
					"$(inherited)",
				);
				GCC_WARN_64_TO_32_BIT_CONVERSION = YES;
				GCC_WARN_ABOUT_RETURN_TYPE = YES_ERROR;
				GCC_WARN_UNDECLARED_SELECTOR = YES;
				GCC_WARN_UNINITIALIZED_AUTOS = YES_AGGRESSIVE;
				GCC_WARN_UNUSED_FUNCTION = YES;
				GCC_WARN_UNUSED_VARIABLE = YES;
				IPHONEOS_DEPLOYMENT_TARGET = 15.5;
				MTL_ENABLE_DEBUG_INFO = INCLUDE_SOURCE;
				MTL_FAST_MATH = YES;
				ONLY_ACTIVE_ARCH = YES;
				SDKROOT = iphoneos;
				SWIFT_ACTIVE_COMPILATION_CONDITIONS = DEBUG;
				SWIFT_OPTIMIZATION_LEVEL = "-Onone";
			};
			name = Debug;
		};
		F95D5EEC28756AEC001D9560 /* Release */ = {
			isa = XCBuildConfiguration;
			buildSettings = {
				ALWAYS_SEARCH_USER_PATHS = NO;
				CLANG_ANALYZER_NONNULL = YES;
				CLANG_ANALYZER_NUMBER_OBJECT_CONVERSION = YES_AGGRESSIVE;
				CLANG_CXX_LANGUAGE_STANDARD = "gnu++17";
				CLANG_ENABLE_MODULES = YES;
				CLANG_ENABLE_OBJC_ARC = YES;
				CLANG_ENABLE_OBJC_WEAK = YES;
				CLANG_WARN_BLOCK_CAPTURE_AUTORELEASING = YES;
				CLANG_WARN_BOOL_CONVERSION = YES;
				CLANG_WARN_COMMA = YES;
				CLANG_WARN_CONSTANT_CONVERSION = YES;
				CLANG_WARN_DEPRECATED_OBJC_IMPLEMENTATIONS = YES;
				CLANG_WARN_DIRECT_OBJC_ISA_USAGE = YES_ERROR;
				CLANG_WARN_DOCUMENTATION_COMMENTS = YES;
				CLANG_WARN_EMPTY_BODY = YES;
				CLANG_WARN_ENUM_CONVERSION = YES;
				CLANG_WARN_INFINITE_RECURSION = YES;
				CLANG_WARN_INT_CONVERSION = YES;
				CLANG_WARN_NON_LITERAL_NULL_CONVERSION = YES;
				CLANG_WARN_OBJC_IMPLICIT_RETAIN_SELF = YES;
				CLANG_WARN_OBJC_LITERAL_CONVERSION = YES;
				CLANG_WARN_OBJC_ROOT_CLASS = YES_ERROR;
				CLANG_WARN_QUOTED_INCLUDE_IN_FRAMEWORK_HEADER = YES;
				CLANG_WARN_RANGE_LOOP_ANALYSIS = YES;
				CLANG_WARN_STRICT_PROTOTYPES = YES;
				CLANG_WARN_SUSPICIOUS_MOVE = YES;
				CLANG_WARN_UNGUARDED_AVAILABILITY = YES_AGGRESSIVE;
				CLANG_WARN_UNREACHABLE_CODE = YES;
				CLANG_WARN__DUPLICATE_METHOD_MATCH = YES;
				COPY_PHASE_STRIP = NO;
				DEBUG_INFORMATION_FORMAT = "dwarf-with-dsym";
				ENABLE_NS_ASSERTIONS = NO;
				ENABLE_STRICT_OBJC_MSGSEND = YES;
				GCC_C_LANGUAGE_STANDARD = gnu11;
				GCC_NO_COMMON_BLOCKS = YES;
				GCC_WARN_64_TO_32_BIT_CONVERSION = YES;
				GCC_WARN_ABOUT_RETURN_TYPE = YES_ERROR;
				GCC_WARN_UNDECLARED_SELECTOR = YES;
				GCC_WARN_UNINITIALIZED_AUTOS = YES_AGGRESSIVE;
				GCC_WARN_UNUSED_FUNCTION = YES;
				GCC_WARN_UNUSED_VARIABLE = YES;
				IPHONEOS_DEPLOYMENT_TARGET = 15.5;
				MTL_ENABLE_DEBUG_INFO = NO;
				MTL_FAST_MATH = YES;
				SDKROOT = iphoneos;
				SWIFT_COMPILATION_MODE = wholemodule;
				SWIFT_OPTIMIZATION_LEVEL = "-O";
				VALIDATE_PRODUCT = YES;
			};
			name = Release;
		};
		F95D5EEE28756AEC001D9560 /* Debug */ = {
			isa = XCBuildConfiguration;
			buildSettings = {
				ASSETCATALOG_COMPILER_APPICON_NAME = AppIcon;
				ASSETCATALOG_COMPILER_GLOBAL_ACCENT_COLOR_NAME = AccentColor;
				CODE_SIGN_STYLE = Automatic;
				CURRENT_PROJECT_VERSION = 1;
				DEVELOPMENT_ASSET_PATHS = "\"Bucket List/Preview Content\"";
				ENABLE_PREVIEWS = YES;
				GENERATE_INFOPLIST_FILE = YES;
				INFOPLIST_KEY_UIApplicationSceneManifest_Generation = YES;
				INFOPLIST_KEY_UIApplicationSupportsIndirectInputEvents = YES;
				INFOPLIST_KEY_UILaunchScreen_Generation = YES;
				INFOPLIST_KEY_UISupportedInterfaceOrientations_iPad = "UIInterfaceOrientationPortrait UIInterfaceOrientationPortraitUpsideDown UIInterfaceOrientationLandscapeLeft UIInterfaceOrientationLandscapeRight";
				INFOPLIST_KEY_UISupportedInterfaceOrientations_iPhone = "UIInterfaceOrientationPortrait UIInterfaceOrientationLandscapeLeft UIInterfaceOrientationLandscapeRight";
				LD_RUNPATH_SEARCH_PATHS = (
					"$(inherited)",
					"@executable_path/Frameworks",
				);
				MARKETING_VERSION = 1.0;
				PRODUCT_BUNDLE_IDENTIFIER = "com.takasur.Bucket-List";
				PRODUCT_NAME = "$(TARGET_NAME)";
				SWIFT_EMIT_LOC_STRINGS = YES;
				SWIFT_VERSION = 5.0;
				TARGETED_DEVICE_FAMILY = "1,2";
			};
			name = Debug;
		};
		F95D5EEF28756AEC001D9560 /* Release */ = {
			isa = XCBuildConfiguration;
			buildSettings = {
				ASSETCATALOG_COMPILER_APPICON_NAME = AppIcon;
				ASSETCATALOG_COMPILER_GLOBAL_ACCENT_COLOR_NAME = AccentColor;
				CODE_SIGN_STYLE = Automatic;
				CURRENT_PROJECT_VERSION = 1;
				DEVELOPMENT_ASSET_PATHS = "\"Bucket List/Preview Content\"";
				ENABLE_PREVIEWS = YES;
				GENERATE_INFOPLIST_FILE = YES;
				INFOPLIST_KEY_UIApplicationSceneManifest_Generation = YES;
				INFOPLIST_KEY_UIApplicationSupportsIndirectInputEvents = YES;
				INFOPLIST_KEY_UILaunchScreen_Generation = YES;
				INFOPLIST_KEY_UISupportedInterfaceOrientations_iPad = "UIInterfaceOrientationPortrait UIInterfaceOrientationPortraitUpsideDown UIInterfaceOrientationLandscapeLeft UIInterfaceOrientationLandscapeRight";
				INFOPLIST_KEY_UISupportedInterfaceOrientations_iPhone = "UIInterfaceOrientationPortrait UIInterfaceOrientationLandscapeLeft UIInterfaceOrientationLandscapeRight";
				LD_RUNPATH_SEARCH_PATHS = (
					"$(inherited)",
					"@executable_path/Frameworks",
				);
				MARKETING_VERSION = 1.0;
				PRODUCT_BUNDLE_IDENTIFIER = "com.takasur.Bucket-List";
				PRODUCT_NAME = "$(TARGET_NAME)";
				SWIFT_EMIT_LOC_STRINGS = YES;
				SWIFT_VERSION = 5.0;
				TARGETED_DEVICE_FAMILY = "1,2";
			};
			name = Release;
		};
		F95D5EF128756AEC001D9560 /* Debug */ = {
			isa = XCBuildConfiguration;
			buildSettings = {
				ALWAYS_EMBED_SWIFT_STANDARD_LIBRARIES = YES;
				BUNDLE_LOADER = "$(TEST_HOST)";
				CODE_SIGN_STYLE = Automatic;
				CURRENT_PROJECT_VERSION = 1;
				GENERATE_INFOPLIST_FILE = YES;
				IPHONEOS_DEPLOYMENT_TARGET = 15.5;
				MARKETING_VERSION = 1.0;
				PRODUCT_BUNDLE_IDENTIFIER = "com.takasur.Bucket-ListTests";
				PRODUCT_NAME = "$(TARGET_NAME)";
				SWIFT_EMIT_LOC_STRINGS = NO;
				SWIFT_VERSION = 5.0;
				TARGETED_DEVICE_FAMILY = "1,2";
				TEST_HOST = "$(BUILT_PRODUCTS_DIR)/Bucket List.app/Bucket List";
			};
			name = Debug;
		};
		F95D5EF228756AEC001D9560 /* Release */ = {
			isa = XCBuildConfiguration;
			buildSettings = {
				ALWAYS_EMBED_SWIFT_STANDARD_LIBRARIES = YES;
				BUNDLE_LOADER = "$(TEST_HOST)";
				CODE_SIGN_STYLE = Automatic;
				CURRENT_PROJECT_VERSION = 1;
				GENERATE_INFOPLIST_FILE = YES;
				IPHONEOS_DEPLOYMENT_TARGET = 15.5;
				MARKETING_VERSION = 1.0;
				PRODUCT_BUNDLE_IDENTIFIER = "com.takasur.Bucket-ListTests";
				PRODUCT_NAME = "$(TARGET_NAME)";
				SWIFT_EMIT_LOC_STRINGS = NO;
				SWIFT_VERSION = 5.0;
				TARGETED_DEVICE_FAMILY = "1,2";
				TEST_HOST = "$(BUILT_PRODUCTS_DIR)/Bucket List.app/Bucket List";
			};
			name = Release;
		};
		F95D5EF428756AEC001D9560 /* Debug */ = {
			isa = XCBuildConfiguration;
			buildSettings = {
				ALWAYS_EMBED_SWIFT_STANDARD_LIBRARIES = YES;
				CODE_SIGN_STYLE = Automatic;
				CURRENT_PROJECT_VERSION = 1;
				GENERATE_INFOPLIST_FILE = YES;
				MARKETING_VERSION = 1.0;
				PRODUCT_BUNDLE_IDENTIFIER = "com.takasur.Bucket-ListUITests";
				PRODUCT_NAME = "$(TARGET_NAME)";
				SWIFT_EMIT_LOC_STRINGS = NO;
				SWIFT_VERSION = 5.0;
				TARGETED_DEVICE_FAMILY = "1,2";
				TEST_TARGET_NAME = "Bucket List";
			};
			name = Debug;
		};
		F95D5EF528756AEC001D9560 /* Release */ = {
			isa = XCBuildConfiguration;
			buildSettings = {
				ALWAYS_EMBED_SWIFT_STANDARD_LIBRARIES = YES;
				CODE_SIGN_STYLE = Automatic;
				CURRENT_PROJECT_VERSION = 1;
				GENERATE_INFOPLIST_FILE = YES;
				MARKETING_VERSION = 1.0;
				PRODUCT_BUNDLE_IDENTIFIER = "com.takasur.Bucket-ListUITests";
				PRODUCT_NAME = "$(TARGET_NAME)";
				SWIFT_EMIT_LOC_STRINGS = NO;
				SWIFT_VERSION = 5.0;
				TARGETED_DEVICE_FAMILY = "1,2";
				TEST_TARGET_NAME = "Bucket List";
			};
			name = Release;
		};
/* End XCBuildConfiguration section */

/* Begin XCConfigurationList section */
		F95D5EC428756AEB001D9560 /* Build configuration list for PBXProject "Bucket List" */ = {
			isa = XCConfigurationList;
			buildConfigurations = (
				F95D5EEB28756AEC001D9560 /* Debug */,
				F95D5EEC28756AEC001D9560 /* Release */,
			);
			defaultConfigurationIsVisible = 0;
			defaultConfigurationName = Release;
		};
		F95D5EED28756AEC001D9560 /* Build configuration list for PBXNativeTarget "Bucket List" */ = {
			isa = XCConfigurationList;
			buildConfigurations = (
				F95D5EEE28756AEC001D9560 /* Debug */,
				F95D5EEF28756AEC001D9560 /* Release */,
			);
			defaultConfigurationIsVisible = 0;
			defaultConfigurationName = Release;
		};
		F95D5EF028756AEC001D9560 /* Build configuration list for PBXNativeTarget "Bucket ListTests" */ = {
			isa = XCConfigurationList;
			buildConfigurations = (
				F95D5EF128756AEC001D9560 /* Debug */,
				F95D5EF228756AEC001D9560 /* Release */,
			);
			defaultConfigurationIsVisible = 0;
			defaultConfigurationName = Release;
		};
		F95D5EF328756AEC001D9560 /* Build configuration list for PBXNativeTarget "Bucket ListUITests" */ = {
			isa = XCConfigurationList;
			buildConfigurations = (
				F95D5EF428756AEC001D9560 /* Debug */,
				F95D5EF528756AEC001D9560 /* Release */,
			);
			defaultConfigurationIsVisible = 0;
			defaultConfigurationName = Release;
		};
/* End XCConfigurationList section */
	};
	rootObject = F95D5EC128756AEB001D9560 /* Project object */;
}
